
Microsoft Visual Studio Solution File, Format Version 12.00
# Visual Studio Version 17
VisualStudioVersion = 17.0.31903.59
MinimumVisualStudioVersion = 10.0.40219.1
Project("{9A19103F-16F7-4668-BE54-9A1E7A4F7556}") = "RiverBooks.Books", "RiverBooks.Books\RiverBooks.Books.csproj", "{3C379BC4-7153-4EFC-A02F-5BCE387D8472}"
EndProject
Project("{9A19103F-16F7-4668-BE54-9A1E7A4F7556}") = "RiverBooks.Web", "RiverBooks.Web\RiverBooks.Web.csproj", "{6C08B267-466C-4172-B63B-AD47B47D4A4B}"
EndProject
Project("{2150E333-8FDC-42A3-9474-1A3956D46DE8}") = "Modules", "Modules", "{3AAA5556-1C62-4D17-82B2-B69F51EED7E4}"
EndProject
Project("{2150E333-8FDC-42A3-9474-1A3956D46DE8}") = "Books", "Books", "{A1A8F7BE-7398-49AB-88AF-540E6C56B4A2}"
EndProject
Project("{9A19103F-16F7-4668-BE54-9A1E7A4F7556}") = "RiverBooks.Web.Tests", "RiverBooks.Web.Tests\RiverBooks.Web.Tests.csproj", "{80227C27-C4C0-4B7F-BF87-B10DDFEE0883}"
EndProject
Project("{2150E333-8FDC-42A3-9474-1A3956D46DE8}") = "Solution Items", "Solution Items", "{66A84D3B-75F7-4F98-9610-92D172E64540}"
	ProjectSection(SolutionItems) = preProject
		.editorconfig = .editorconfig
		.gitignore = .gitignore
		Directory.Build.props = Directory.Build.props
		docker-compose.yaml = docker-compose.yaml
		ef-migration.sh = ef-migration.sh
		efMigration.Dockerfile = efMigration.Dockerfile
		README.md = README.md
		web.Dockerfile = web.Dockerfile
	EndProjectSection
EndProject
Project("{2150E333-8FDC-42A3-9474-1A3956D46DE8}") = "Users", "Users", "{83A2F697-7F2D-43C7-9F43-75E857C26EC0}"
EndProject
Project("{FAE04EC0-301F-11D3-BF4B-00C04F79EFBC}") = "RiverBooks.Users", "RiverBooks.Users\RiverBooks.Users.csproj", "{F06FB12C-77E8-4608-92CB-CFBD84C005D4}"
EndProject
Global
	GlobalSection(SolutionConfigurationPlatforms) = preSolution
		Debug|Any CPU = Debug|Any CPU
		Release|Any CPU = Release|Any CPU
	EndGlobalSection
	GlobalSection(ProjectConfigurationPlatforms) = postSolution
		{3C379BC4-7153-4EFC-A02F-5BCE387D8472}.Debug|Any CPU.ActiveCfg = Debug|Any CPU
		{3C379BC4-7153-4EFC-A02F-5BCE387D8472}.Debug|Any CPU.Build.0 = Debug|Any CPU
		{3C379BC4-7153-4EFC-A02F-5BCE387D8472}.Release|Any CPU.ActiveCfg = Release|Any CPU
		{3C379BC4-7153-4EFC-A02F-5BCE387D8472}.Release|Any CPU.Build.0 = Release|Any CPU
		{6C08B267-466C-4172-B63B-AD47B47D4A4B}.Debug|Any CPU.ActiveCfg = Debug|Any CPU
		{6C08B267-466C-4172-B63B-AD47B47D4A4B}.Debug|Any CPU.Build.0 = Debug|Any CPU
		{6C08B267-466C-4172-B63B-AD47B47D4A4B}.Release|Any CPU.ActiveCfg = Release|Any CPU
		{6C08B267-466C-4172-B63B-AD47B47D4A4B}.Release|Any CPU.Build.0 = Release|Any CPU
		{80227C27-C4C0-4B7F-BF87-B10DDFEE0883}.Debug|Any CPU.ActiveCfg = Debug|Any CPU
		{80227C27-C4C0-4B7F-BF87-B10DDFEE0883}.Debug|Any CPU.Build.0 = Debug|Any CPU
		{80227C27-C4C0-4B7F-BF87-B10DDFEE0883}.Release|Any CPU.ActiveCfg = Release|Any CPU
		{80227C27-C4C0-4B7F-BF87-B10DDFEE0883}.Release|Any CPU.Build.0 = Release|Any CPU
		{F06FB12C-77E8-4608-92CB-CFBD84C005D4}.Debug|Any CPU.ActiveCfg = Debug|Any CPU
		{F06FB12C-77E8-4608-92CB-CFBD84C005D4}.Debug|Any CPU.Build.0 = Debug|Any CPU
		{F06FB12C-77E8-4608-92CB-CFBD84C005D4}.Release|Any CPU.ActiveCfg = Release|Any CPU
		{F06FB12C-77E8-4608-92CB-CFBD84C005D4}.Release|Any CPU.Build.0 = Release|Any CPU
	EndGlobalSection
	GlobalSection(SolutionProperties) = preSolution
		HideSolutionNode = FALSE
	EndGlobalSection
	GlobalSection(NestedProjects) = preSolution
		{3C379BC4-7153-4EFC-A02F-5BCE387D8472} = {A1A8F7BE-7398-49AB-88AF-540E6C56B4A2}
		{A1A8F7BE-7398-49AB-88AF-540E6C56B4A2} = {3AAA5556-1C62-4D17-82B2-B69F51EED7E4}
		{83A2F697-7F2D-43C7-9F43-75E857C26EC0} = {3AAA5556-1C62-4D17-82B2-B69F51EED7E4}
		{F06FB12C-77E8-4608-92CB-CFBD84C005D4} = {83A2F697-7F2D-43C7-9F43-75E857C26EC0}
	EndGlobalSection
	GlobalSection(ExtensibilityGlobals) = postSolution
		SolutionGuid = {836BF003-86E5-4DCB-814B-D2868883F375}
	EndGlobalSection
EndGlobal
